
Microsoft Visual Studio Solution File, Format Version 12.00
# Visual Studio Version 16
VisualStudioVersion = 16.0.30621.155
MinimumVisualStudioVersion = 10.0.40219.1
Project("{FAE04EC0-301F-11D3-BF4B-00C04F79EFBC}") = "CadastroDePessoas", "CadastroDePessoas\CadastroDePessoas.csproj", "{E10B083A-3639-4CA8-9AD0-11A635763ED3}"
EndProject
Global
	GlobalSection(SolutionConfigurationPlatforms) = preSolution
		Debug|Any CPU = Debug|Any CPU
		Release|Any CPU = Release|Any CPU
	EndGlobalSection
	GlobalSection(ProjectConfigurationPlatforms) = postSolution
		{E10B083A-3639-4CA8-9AD0-11A635763ED3}.Debug|Any CPU.ActiveCfg = Debug|Any CPU
		{E10B083A-3639-4CA8-9AD0-11A635763ED3}.Debug|Any CPU.Build.0 = Debug|Any CPU
		{E10B083A-3639-4CA8-9AD0-11A635763ED3}.Release|Any CPU.ActiveCfg = Release|Any CPU
		{E10B083A-3639-4CA8-9AD0-11A635763ED3}.Release|Any CPU.Build.0 = Release|Any CPU
	EndGlobalSection
	GlobalSection(SolutionProperties) = preSolution
		HideSolutionNode = FALSE
	EndGlobalSection
	GlobalSection(ExtensibilityGlobals) = postSolution
		SolutionGuid = {C8C2A2BD-4819-4A6E-91B7-C9C357D6C26D}
	EndGlobalSection
EndGlobal
